
Microsoft Visual Studio Solution File, Format Version 12.00
# Visual Studio Version 17
VisualStudioVersion = 17.3.32811.315
MinimumVisualStudioVersion = 10.0.40219.1
Project("{FAE04EC0-301F-11D3-BF4B-00C04F79EFBC}") = "WpfApp1", "WpfApp1\WpfApp1.csproj", "{E46A886B-ED9D-4E32-900B-54F3FB22ED61}"
EndProject
Global
	GlobalSection(SolutionConfigurationPlatforms) = preSolution
		Debug|Any CPU = Debug|Any CPU
		Release|Any CPU = Release|Any CPU
	EndGlobalSection
	GlobalSection(ProjectConfigurationPlatforms) = postSolution
		{E46A886B-ED9D-4E32-900B-54F3FB22ED61}.Debug|Any CPU.ActiveCfg = Debug|Any CPU
		{E46A886B-ED9D-4E32-900B-54F3FB22ED61}.Debug|Any CPU.Build.0 = Debug|Any CPU
		{E46A886B-ED9D-4E32-900B-54F3FB22ED61}.Release|Any CPU.ActiveCfg = Release|Any CPU
		{E46A886B-ED9D-4E32-900B-54F3FB22ED61}.Release|Any CPU.Build.0 = Release|Any CPU
	EndGlobalSection
	GlobalSection(SolutionProperties) = preSolution
		HideSolutionNode = FALSE
	EndGlobalSection
	GlobalSection(ExtensibilityGlobals) = postSolution
		SolutionGuid = {8BDCD646-04EC-44EE-8320-92916744DFE3}
	EndGlobalSection
EndGlobal
